
Microsoft Visual Studio Solution File, Format Version 12.00
# Visual Studio Version 16
VisualStudioVersion = 16.0.31205.134
MinimumVisualStudioVersion = 10.0.40219.1
Project("{8BC9CEB8-8B4A-11D0-8D11-00A0C91BC942}") = "sample1-line segment", "sample1-line segment\sample1-line segment.vcxproj", "{3CC17713-2C7C-4CA7-82F6-5BA9E08BD811}"
EndProject
Global
	GlobalSection(SolutionConfigurationPlatforms) = preSolution
		Debug|x64 = Debug|x64
		Debug|x86 = Debug|x86
		Release|x64 = Release|x64
		Release|x86 = Release|x86
	EndGlobalSection
	GlobalSection(ProjectConfigurationPlatforms) = postSolution
		{3CC17713-2C7C-4CA7-82F6-5BA9E08BD811}.Debug|x64.ActiveCfg = Debug|x64
		{3CC17713-2C7C-4CA7-82F6-5BA9E08BD811}.Debug|x64.Build.0 = Debug|x64
		{3CC17713-2C7C-4CA7-82F6-5BA9E08BD811}.Debug|x86.ActiveCfg = Debug|Win32
		{3CC17713-2C7C-4CA7-82F6-5BA9E08BD811}.Debug|x86.Build.0 = Debug|Win32
		{3CC17713-2C7C-4CA7-82F6-5BA9E08BD811}.Release|x64.ActiveCfg = Release|x64
		{3CC17713-2C7C-4CA7-82F6-5BA9E08BD811}.Release|x64.Build.0 = Release|x64
		{3CC17713-2C7C-4CA7-82F6-5BA9E08BD811}.Release|x86.ActiveCfg = Release|Win32
		{3CC17713-2C7C-4CA7-82F6-5BA9E08BD811}.Release|x86.Build.0 = Release|Win32
	EndGlobalSection
	GlobalSection(SolutionProperties) = preSolution
		HideSolutionNode = FALSE
	EndGlobalSection
	GlobalSection(ExtensibilityGlobals) = postSolution
		SolutionGuid = {DEFDDF8B-2129-4D1F-B484-20141ECF1AB3}
	EndGlobalSection
EndGlobal
