
Microsoft Visual Studio Solution File, Format Version 12.00
# Visual Studio Version 16
VisualStudioVersion = 16.0.31229.75
MinimumVisualStudioVersion = 10.0.40219.1
Project("{8BC9CEB8-8B4A-11D0-8D11-00A0C91BC942}") = "Project3", "Project3\Project3.vcxproj", "{8C8801F0-36F4-4EAB-80F7-583D25114563}"
EndProject
Global
	GlobalSection(SolutionConfigurationPlatforms) = preSolution
		Debug|x64 = Debug|x64
		Debug|x86 = Debug|x86
		Release|x64 = Release|x64
		Release|x86 = Release|x86
	EndGlobalSection
	GlobalSection(ProjectConfigurationPlatforms) = postSolution
		{8C8801F0-36F4-4EAB-80F7-583D25114563}.Debug|x64.ActiveCfg = Debug|x64
		{8C8801F0-36F4-4EAB-80F7-583D25114563}.Debug|x64.Build.0 = Debug|x64
		{8C8801F0-36F4-4EAB-80F7-583D25114563}.Debug|x86.ActiveCfg = Debug|Win32
		{8C8801F0-36F4-4EAB-80F7-583D25114563}.Debug|x86.Build.0 = Debug|Win32
		{8C8801F0-36F4-4EAB-80F7-583D25114563}.Release|x64.ActiveCfg = Release|x64
		{8C8801F0-36F4-4EAB-80F7-583D25114563}.Release|x64.Build.0 = Release|x64
		{8C8801F0-36F4-4EAB-80F7-583D25114563}.Release|x86.ActiveCfg = Release|Win32
		{8C8801F0-36F4-4EAB-80F7-583D25114563}.Release|x86.Build.0 = Release|Win32
	EndGlobalSection
	GlobalSection(SolutionProperties) = preSolution
		HideSolutionNode = FALSE
	EndGlobalSection
	GlobalSection(ExtensibilityGlobals) = postSolution
		SolutionGuid = {17A3DF85-623C-44F7-83B2-9E1DE8C8E532}
	EndGlobalSection
EndGlobal
